
Microsoft Visual Studio Solution File, Format Version 12.00
# Visual Studio 14
VisualStudioVersion = 14.0.25420.1
MinimumVisualStudioVersion = 10.0.40219.1
Project("{FAE04EC0-301F-11D3-BF4B-00C04F79EFBC}") = "TSClientGen.NetFrameworkTool", "TSClientGen.NetFrameworkTool\TSClientGen.NetFrameworkTool.csproj", "{967465F8-A6C8-4ADC-B40D-D21A88D8C20A}"
EndProject
Project("{2150E333-8FDC-42A3-9474-1A3956D46DE8}") = "Solution Items", "Solution Items", "{742D33E2-3565-4617-8491-D23192AD98BF}"
	ProjectSection(SolutionItems) = preProject
		SolutionInfo.cs = SolutionInfo.cs
	EndProjectSection
EndProject
Project("{2150E333-8FDC-42A3-9474-1A3956D46DE8}") = ".paket", ".paket", "{C51278F4-D7F6-4451-B2ED-E5EC5F4F7C60}"
	ProjectSection(SolutionItems) = preProject
		paket.dependencies = paket.dependencies
		paket.lock = paket.lock
	EndProjectSection
EndProject
Project("{FAE04EC0-301F-11D3-BF4B-00C04F79EFBC}") = "TSClientGen.Core", "TSClientGen.Core\TSClientGen.Core.csproj", "{D1BD4C62-3A9C-4037-BCF9-6F4A90992058}"
EndProject
Project("{FAE04EC0-301F-11D3-BF4B-00C04F79EFBC}") = "TSClientGen.Contract", "TSClientGen.Contract\TSClientGen.Contract.csproj", "{9D120DD1-0D45-4D1E-89F8-81BEDE2C0600}"
EndProject
Project("{FAE04EC0-301F-11D3-BF4B-00C04F79EFBC}") = "TSClientGen.Tests", "TSClientGen.Tests\TSClientGen.Tests.csproj", "{D0C0CD12-46FE-4E04-BFD6-1FD33D3ED030}"
EndProject
Project("{FAE04EC0-301F-11D3-BF4B-00C04F79EFBC}") = "TSClientGen.Extensibility", "TSClientGen.Extensibility\TSClientGen.Extensibility.csproj", "{C3CD49CD-2202-4CF1-81DA-0686607D0777}"
EndProject
Project("{2150E333-8FDC-42A3-9474-1A3956D46DE8}") = "Samples", "Samples", "{DBC77FD8-0556-427A-B7F6-DA8A49292CB1}"
EndProject
Project("{FAE04EC0-301F-11D3-BF4B-00C04F79EFBC}") = "AspNetCore.WebApi", "Samples\AspNetCore.WebApi\AspNetCore.WebApi.csproj", "{5807E8B3-35BB-4D05-B2FC-83BA66B5DC88}"
EndProject
Project("{FAE04EC0-301F-11D3-BF4B-00C04F79EFBC}") = "AspNetFramework.WebApi", "Samples\AspNetFramework.WebApi\AspNetFramework.WebApi.csproj", "{03B9ECF4-C3D7-479C-8208-F010A4D260F3}"
EndProject
Project("{FAE04EC0-301F-11D3-BF4B-00C04F79EFBC}") = "SharedModels", "Samples\SharedModels\SharedModels.csproj", "{9B817D59-6383-4EA5-9A52-F403CA4E12F5}"
EndProject
Project("{FAE04EC0-301F-11D3-BF4B-00C04F79EFBC}") = "TSClientGen.NetCoreTool", "TSClientGen.NetCoreTool\TSClientGen.NetCoreTool.csproj", "{1926AC7F-1418-4C04-9EC6-81BEAE8CD19C}"
EndProject
Global
	GlobalSection(SolutionConfigurationPlatforms) = preSolution
		Debug|Any CPU = Debug|Any CPU
		Release|Any CPU = Release|Any CPU
	EndGlobalSection
	GlobalSection(ProjectConfigurationPlatforms) = postSolution
		{967465F8-A6C8-4ADC-B40D-D21A88D8C20A}.Debug|Any CPU.ActiveCfg = Debug|Any CPU
		{967465F8-A6C8-4ADC-B40D-D21A88D8C20A}.Debug|Any CPU.Build.0 = Debug|Any CPU
		{967465F8-A6C8-4ADC-B40D-D21A88D8C20A}.Release|Any CPU.ActiveCfg = Release|Any CPU
		{967465F8-A6C8-4ADC-B40D-D21A88D8C20A}.Release|Any CPU.Build.0 = Release|Any CPU
		{D1BD4C62-3A9C-4037-BCF9-6F4A90992058}.Debug|Any CPU.ActiveCfg = Debug|Any CPU
		{D1BD4C62-3A9C-4037-BCF9-6F4A90992058}.Debug|Any CPU.Build.0 = Debug|Any CPU
		{D1BD4C62-3A9C-4037-BCF9-6F4A90992058}.Release|Any CPU.ActiveCfg = Release|Any CPU
		{D1BD4C62-3A9C-4037-BCF9-6F4A90992058}.Release|Any CPU.Build.0 = Release|Any CPU
		{9D120DD1-0D45-4D1E-89F8-81BEDE2C0600}.Debug|Any CPU.ActiveCfg = Debug|Any CPU
		{9D120DD1-0D45-4D1E-89F8-81BEDE2C0600}.Debug|Any CPU.Build.0 = Debug|Any CPU
		{9D120DD1-0D45-4D1E-89F8-81BEDE2C0600}.Release|Any CPU.ActiveCfg = Release|Any CPU
		{9D120DD1-0D45-4D1E-89F8-81BEDE2C0600}.Release|Any CPU.Build.0 = Release|Any CPU
		{D0C0CD12-46FE-4E04-BFD6-1FD33D3ED030}.Debug|Any CPU.ActiveCfg = Debug|Any CPU
		{D0C0CD12-46FE-4E04-BFD6-1FD33D3ED030}.Debug|Any CPU.Build.0 = Debug|Any CPU
		{D0C0CD12-46FE-4E04-BFD6-1FD33D3ED030}.Release|Any CPU.ActiveCfg = Release|Any CPU
		{D0C0CD12-46FE-4E04-BFD6-1FD33D3ED030}.Release|Any CPU.Build.0 = Release|Any CPU
		{C3CD49CD-2202-4CF1-81DA-0686607D0777}.Debug|Any CPU.ActiveCfg = Debug|Any CPU
		{C3CD49CD-2202-4CF1-81DA-0686607D0777}.Debug|Any CPU.Build.0 = Debug|Any CPU
		{C3CD49CD-2202-4CF1-81DA-0686607D0777}.Release|Any CPU.ActiveCfg = Release|Any CPU
		{C3CD49CD-2202-4CF1-81DA-0686607D0777}.Release|Any CPU.Build.0 = Release|Any CPU
		{5807E8B3-35BB-4D05-B2FC-83BA66B5DC88}.Debug|Any CPU.ActiveCfg = Debug|Any CPU
		{5807E8B3-35BB-4D05-B2FC-83BA66B5DC88}.Debug|Any CPU.Build.0 = Debug|Any CPU
		{5807E8B3-35BB-4D05-B2FC-83BA66B5DC88}.Release|Any CPU.ActiveCfg = Release|Any CPU
		{5807E8B3-35BB-4D05-B2FC-83BA66B5DC88}.Release|Any CPU.Build.0 = Release|Any CPU
		{03B9ECF4-C3D7-479C-8208-F010A4D260F3}.Debug|Any CPU.ActiveCfg = Debug|Any CPU
		{03B9ECF4-C3D7-479C-8208-F010A4D260F3}.Debug|Any CPU.Build.0 = Debug|Any CPU
		{03B9ECF4-C3D7-479C-8208-F010A4D260F3}.Release|Any CPU.ActiveCfg = Release|Any CPU
		{03B9ECF4-C3D7-479C-8208-F010A4D260F3}.Release|Any CPU.Build.0 = Release|Any CPU
		{9B817D59-6383-4EA5-9A52-F403CA4E12F5}.Debug|Any CPU.ActiveCfg = Debug|Any CPU
		{9B817D59-6383-4EA5-9A52-F403CA4E12F5}.Debug|Any CPU.Build.0 = Debug|Any CPU
		{9B817D59-6383-4EA5-9A52-F403CA4E12F5}.Release|Any CPU.ActiveCfg = Release|Any CPU
		{9B817D59-6383-4EA5-9A52-F403CA4E12F5}.Release|Any CPU.Build.0 = Release|Any CPU
		{1926AC7F-1418-4C04-9EC6-81BEAE8CD19C}.Debug|Any CPU.ActiveCfg = Debug|Any CPU
		{1926AC7F-1418-4C04-9EC6-81BEAE8CD19C}.Debug|Any CPU.Build.0 = Debug|Any CPU
		{1926AC7F-1418-4C04-9EC6-81BEAE8CD19C}.Release|Any CPU.ActiveCfg = Release|Any CPU
		{1926AC7F-1418-4C04-9EC6-81BEAE8CD19C}.Release|Any CPU.Build.0 = Release|Any CPU
	EndGlobalSection
	GlobalSection(SolutionProperties) = preSolution
		HideSolutionNode = FALSE
	EndGlobalSection
	GlobalSection(NestedProjects) = preSolution
		{5807E8B3-35BB-4D05-B2FC-83BA66B5DC88} = {DBC77FD8-0556-427A-B7F6-DA8A49292CB1}
		{03B9ECF4-C3D7-479C-8208-F010A4D260F3} = {DBC77FD8-0556-427A-B7F6-DA8A49292CB1}
		{9B817D59-6383-4EA5-9A52-F403CA4E12F5} = {DBC77FD8-0556-427A-B7F6-DA8A49292CB1}
	EndGlobalSection
EndGlobal
